{
  "name": "flask-vue-crud",
  "lockfileVersion": 2,
  "requires": true,
  "packages": {
    "": {
      "dependencies": {
        "vue-google-login": "^2.0.5"
      }
    },
    "node_modules/vue": {
      "version": "2.6.14",
      "resolved": "https://registry.npmjs.org/vue/-/vue-2.6.14.tgz",
      "integrity": "sha512-x2284lgYvjOMj3Za7kqzRcUSxBboHqtgRE2zlos1qWaOye5yUmHn42LB1250NJBLRwEcdrB0JRwyPTEPhfQjiQ==",
      "peer": true
    },
    "node_modules/vue-google-login": {
      "version": "2.0.5",
      "resolved": "https://registry.npmjs.org/vue-google-login/-/vue-google-login-2.0.5.tgz",
      "integrity": "sha512-C+N8l+otSOiTDQic35bV8Qt/mq9KWGDX35utbZjcD37hGwMXGabW7GetB3cF56r2LfsSiGAnWwPGK2T2V1gZdA==",
      "peerDependencies": {
        "vue": "^2.5.17"
      }
    }
  },
  "dependencies": {
    "vue": {
      "version": "2.6.14",
      "resolved": "https://registry.npmjs.org/vue/-/vue-2.6.14.tgz",
      "integrity": "sha512-x2284lgYvjOMj3Za7kqzRcUSxBboHqtgRE2zlos1qWaOye5yUmHn42LB1250NJBLRwEcdrB0JRwyPTEPhfQjiQ==",
      "peer": true
    },
    "vue-google-login": {
      "version": "2.0.5",
      "resolved": "https://registry.npmjs.org/vue-google-login/-/vue-google-login-2.0.5.tgz",
      "integrity": "sha512-C+N8l+otSOiTDQic35bV8Qt/mq9KWGDX35utbZjcD37hGwMXGabW7GetB3cF56r2LfsSiGAnWwPGK2T2V1gZdA==",
      "requires": {}
    }
  }
}
